{
    "_meta": {
        "hash": {
            "sha256": "31c1e43853b3c91abcb3cec975219f8c472a2a3359ea144b4cb529e6ab9fdf05"
        },
        "pipfile-spec": 6,
        "requires": {
            "python_version": "3.7"
        },
        "sources": [
            {
                "name": "pypi",
                "url": "https://pypi.org/simple",
                "verify_ssl": true
            }
        ]
    },
    "default": {
        "backcall": {
            "hashes": [
                "sha256:38ecd85be2c1e78f77fd91700c76e14667dc21e2713b63876c0eb901196e01e4",
                "sha256:bbbf4b1e5cd2bdb08f915895b51081c041bac22394fdfcfdfbe9f14b77c08bf2"
            ],
            "version": "==0.1.0"
        },
        "cloudpickle": {
            "hashes": [
                "sha256:922401d7140e133253ff5fab4faa4a1166416066453a783b00b507dca93f8859",
                "sha256:f3ef2c9d438f1553ce7795afb18c1f190d8146132496169ef6aa9b7b65caa4c3"
            ],
            "version": "==1.2.2"
        },
        "cmake": {
            "hashes": [
                "sha256:0484e085ef8a2bf6ab3d276785d50a6478b7de9a3668173a30454c49c4e73b4e",
                "sha256:07fa1a551cd9463e8b009bfbe275df49b717837fabe63fa19341b61f0cb2a51d",
                "sha256:132b2c0f152d285a6743419cbce8401d52f143d349c02ab17667600173c6b4c3",
                "sha256:1a1ccbd70b1c46ddb99f7f96540ca0c8dc87fb15757a9caf6e1c66b6d107656b",
                "sha256:1e37fb2e85323e281973a8ef63b7de6d86b6e384a2a21571ce981a26aeb733da",
                "sha256:1ef4f6985192a31effc1d14f920f4e9d98232bf5605da51f12b468b865aa254b",
                "sha256:2ccce7e661c1ee2f936b0d9ba7896821abc36f8877dcf40e106ee7fd03b1f602",
                "sha256:2d82738aaa9634681d21cd051ad3be35cf433c217409113071020eff379fa634",
                "sha256:6da45f28755f3b44cda51cb3bc67559a0a891d343cbd691c5d2618b622bd0103",
                "sha256:79ed736b0689c1ba34b0ac2d60e446ec718be1584b39956426d27d2dfd7a4329",
                "sha256:7a043df3c66531a021db6387a72ac8a5c578110fbe0893341605cfc459ac9e93",
                "sha256:7c194ce8b42b9079b11d61a04cade0a3d1b3baf63c55848c682c0131f0a3becf",
                "sha256:7e503114e15962721611a48b175400e48bd60eafd8a4648f30353aa43dcbbe09",
                "sha256:818543f30b834dd956f3cf2f599e5cb55afaed40069c81fbc3b751316aa36813",
                "sha256:8ad20c8e090b50228bff5cf4857f9407e571cb6728fdb05eb84b651f94bc0a4c",
                "sha256:92e5a74dbac9b768d3b9626276b34a86fb9f92ec580ebd4b22d6ea6f2d2a46dd",
                "sha256:9728ea7b6ae75c03a7e408271ebfb042570554cbb87e87b230b03c3f3be59bdf",
                "sha256:a3c49a41b6149e06ced506ed1e66deac2f8cc71e6bf899c9003cee7b19bc9624",
                "sha256:b45cc0f56f3f5705f4b4678ecf1f82e09c852c01cb3ffff43effdf8ffa323b1d",
                "sha256:ba18ff19afd7f515ded9c21e0b4ffac955f1d3a206b4f98f197598a2c24128e6",
                "sha256:bb2956322e506b813d40dd9b9dd027f2d2d320fa174c2656b556f5e9bf1165fc",
                "sha256:bced588917fca2d6564c5cb45059379878e941af91106a43217fed15cca10dbc",
                "sha256:bd5fbecb0a6a7b2edd400c042189589ec3f5c0b3303d632b7b21523e16c453af",
                "sha256:bf76621182748b2236fe5db045919cc39e9333dd7cb820898a6e88a73c401517",
                "sha256:c31487ce889f37016ba09030862888a466ea7ed2c8c7b5c12984d8ead9a656a6",
                "sha256:c8870dba94f6226330ba52edfc00d83704641641017c6e912b5cf3e246cd5192",
                "sha256:ee3997bee24218bdb5082d0030d6576a456772de22f9d1d4706825f117fb9db3",
                "sha256:fa90a5e7823c10c292eafeacc7f8db7ed099dd75e146ae3a1881d8edadeb062a"
            ],
            "index": "pypi",
            "version": "==3.13.2.post1"
        },
        "cycler": {
            "hashes": [
                "sha256:1d8a5ae1ff6c5cf9b93e8811e581232ad8920aeec647c37316ceac982b08cb2d",
                "sha256:cd7b2d1018258d7247a71425e9f26463dfb444d411c39569972f4ce586b0c9d8"
            ],
            "version": "==0.10.0"
        },
        "dask": {
            "extras": [
                "array"
            ],
            "hashes": [
                "sha256:81c7891f0d2e7ac03d1f7fabf1f639360a1db52c03a7155ba9b08e9ee6280f2b",
                "sha256:876aaae1b36e92353bc42503283981c6e54718f897746991f13ef31a87efe4f6"
            ],
            "version": "==2.6.0"
        },
        "decorator": {
            "hashes": [
                "sha256:54c38050039232e1db4ad7375cfce6748d7b41c29e95a081c8a6d2c30364a2ce",
                "sha256:5d19b92a3c8f7f101c8dd86afd86b0f061a8ce4540ab8cd401fa2542756bce6d"
            ],
            "version": "==4.4.1"
        },
        "ipython": {
            "hashes": [
                "sha256:6a9496209b76463f1dec126ab928919aaf1f55b38beb9219af3fe202f6bbdd12",
                "sha256:f69932b1e806b38a7818d9a1e918e5821b685715040b48e59c657b3c7961b742"
            ],
            "index": "pypi",
            "version": "==7.2.0"
        },
        "ipython-genutils": {
            "hashes": [
                "sha256:72dd37233799e619666c9f639a9da83c34013a73e8bbc79a7a6348d93c61fab8",
                "sha256:eb2e116e75ecef9d4d228fdc66af54269afa26ab4463042e33785b887c628ba8"
            ],
            "version": "==0.2.0"
        },
        "jedi": {
            "hashes": [
                "sha256:786b6c3d80e2f06fd77162a07fed81b8baa22dde5d62896a790a331d6ac21a27",
                "sha256:ba859c74fa3c966a22f2aeebe1b74ee27e2a462f56d3f5f7ca4a59af61bfe42e"
            ],
            "version": "==0.15.1"
        },
        "kiwisolver": {
            "hashes": [
                "sha256:05b5b061e09f60f56244adc885c4a7867da25ca387376b02c1efc29cc16bcd0f",
                "sha256:210d8c39d01758d76c2b9a693567e1657ec661229bc32eac30761fa79b2474b0",
                "sha256:26f4fbd6f5e1dabff70a9ba0d2c4bd30761086454aa30dddc5b52764ee4852b7",
                "sha256:3b15d56a9cd40c52d7ab763ff0bc700edbb4e1a298dc43715ecccd605002cf11",
                "sha256:3b2378ad387f49cbb328205bda569b9f87288d6bc1bf4cd683c34523a2341efe",
                "sha256:400599c0fe58d21522cae0e8b22318e09d9729451b17ee61ba8e1e7c0346565c",
                "sha256:47b8cb81a7d18dbaf4fed6a61c3cecdb5adec7b4ac292bddb0d016d57e8507d5",
                "sha256:53eaed412477c836e1b9522c19858a8557d6e595077830146182225613b11a75",
                "sha256:58e626e1f7dfbb620d08d457325a4cdac65d1809680009f46bf41eaf74ad0187",
                "sha256:5a52e1b006bfa5be04fe4debbcdd2688432a9af4b207a3f429c74ad625022641",
                "sha256:5c7ca4e449ac9f99b3b9d4693debb1d6d237d1542dd6a56b3305fe8a9620f883",
                "sha256:682e54f0ce8f45981878756d7203fd01e188cc6c8b2c5e2cf03675390b4534d5",
                "sha256:76275ee077772c8dde04fb6c5bc24b91af1bb3e7f4816fd1852f1495a64dad93",
                "sha256:79bfb2f0bd7cbf9ea256612c9523367e5ec51d7cd616ae20ca2c90f575d839a2",
                "sha256:7f4dd50874177d2bb060d74769210f3bce1af87a8c7cf5b37d032ebf94f0aca3",
                "sha256:8944a16020c07b682df861207b7e0efcd2f46c7488619cb55f65882279119389",
                "sha256:8aa7009437640beb2768bfd06da049bad0df85f47ff18426261acecd1cf00897",
                "sha256:9105ce82dcc32c73eb53a04c869b6a4bc756b43e4385f76ea7943e827f529e4d",
                "sha256:933df612c453928f1c6faa9236161a1d999a26cd40abf1dc5d7ebbc6dbfb8fca",
                "sha256:939f36f21a8c571686eb491acfffa9c7f1ac345087281b412d63ea39ca14ec4a",
                "sha256:9491578147849b93e70d7c1d23cb1229458f71fc79c51d52dce0809b2ca44eea",
                "sha256:9733b7f64bd9f807832d673355f79703f81f0b3e52bfce420fc00d8cb28c6a6c",
                "sha256:a02f6c3e229d0b7220bd74600e9351e18bc0c361b05f29adae0d10599ae0e326",
                "sha256:a0c0a9f06872330d0dd31b45607197caab3c22777600e88031bfe66799e70bb0",
                "sha256:aa716b9122307c50686356cfb47bfbc66541868078d0c801341df31dca1232a9",
                "sha256:acc4df99308111585121db217681f1ce0eecb48d3a828a2f9bbf9773f4937e9e",
                "sha256:b64916959e4ae0ac78af7c3e8cef4becee0c0e9694ad477b4c6b3a536de6a544",
                "sha256:d22702cadb86b6fcba0e6b907d9f84a312db9cd6934ee728144ce3018e715ee1",
                "sha256:d3fcf0819dc3fea58be1fd1ca390851bdb719a549850e708ed858503ff25d995",
                "sha256:d52e3b1868a4e8fd18b5cb15055c76820df514e26aa84cc02f593d99fef6707f",
                "sha256:db1a5d3cc4ae943d674718d6c47d2d82488ddd94b93b9e12d24aabdbfe48caee",
                "sha256:e3a21a720791712ed721c7b95d433e036134de6f18c77dbe96119eaf7aa08004",
                "sha256:e8bf074363ce2babeb4764d94f8e65efd22e6a7c74860a4f05a6947afc020ff2",
                "sha256:f16814a4a96dc04bf1da7d53ee8d5b1d6decfc1a92a63349bb15d37b6a263dd9",
                "sha256:f2b22153870ca5cf2ab9c940d7bc38e8e9089fa0f7e5856ea195e1cf4ff43d5a",
                "sha256:f790f8b3dff3d53453de6a7b7ddd173d2e020fb160baff578d578065b108a05f",
                "sha256:fe51b79da0062f8e9d49ed0182a626a7dc7a0cbca0328f612c6ee5e4711c81e4"
            ],
            "version": "==1.1.0"
        },
        "matplotlib": {
            "hashes": [
                "sha256:16aa61846efddf91df623bbb4598e63be1068a6b6a2e6361cc802b41c7a286eb",
                "sha256:1975b71a33ac986bb39b6d5cfbc15c7b1f218f1134efb4eb3881839d6ae69984",
                "sha256:2b222744bd54781e6cc0b717fa35a54e5f176ba2ced337f27c5b435b334ef854",
                "sha256:317643c0e88fad55414347216362b2e229c130edd5655fea5f8159a803098468",
                "sha256:4269ce3d1b897d46fc3cc2273a0cc2a730345bb47e4456af662e6fca85c89dd7",
                "sha256:65214fd668975077cdf8d408ccf2b2d6bdf73b4e6895a79f8e99ce4f0b43fcdb",
                "sha256:74bc213ab8a92d86a0b304d9359d1e1d14168d4c6121b83862c9d8a88b89a738",
                "sha256:88949be0db54755995dfb0210d0099a8712a3c696c860441971354c3debfc4af",
                "sha256:8e1223d868be89423ec95ada5f37aa408ee64fe76ccb8e4d5f533699ba4c0e4a",
                "sha256:9fa00f2d7a552a95fa6016e498fdeb6d74df537853dda79a9055c53dfc8b6e1a",
                "sha256:c27fd46cab905097ba4bc28d5ba5289930f313fb1970c9d41092c9975b80e9b4",
                "sha256:c94b792af431f6adb6859eb218137acd9a35f4f7442cea57e4a59c54751c36af",
                "sha256:f4c12a01eb2dc16693887a874ba948b18c92f425c4d329639ece6d3bb8e631bb"
            ],
            "index": "pypi",
            "version": "==3.0.2"
        },
        "networkx": {
            "hashes": [
                "sha256:cdfbf698749a5014bf2ed9db4a07a5295df1d3a53bf80bf3cbd61edf9df05fa1",
                "sha256:f8f4ff0b6f96e4f9b16af6b84622597b5334bf9cae8cf9b2e42e7985d5c95c64"
            ],
            "version": "==2.4"
        },
        "numpy": {
            "hashes": [
                "sha256:0df89ca13c25eaa1621a3f09af4c8ba20da849692dcae184cb55e80952c453fb",
                "sha256:154c35f195fd3e1fad2569930ca51907057ae35e03938f89a8aedae91dd1b7c7",
                "sha256:18e84323cdb8de3325e741a7a8dd4a82db74fde363dce32b625324c7b32aa6d7",
                "sha256:1e8956c37fc138d65ded2d96ab3949bd49038cc6e8a4494b1515b0ba88c91565",
                "sha256:23557bdbca3ccbde3abaa12a6e82299bc92d2b9139011f8c16ca1bb8c75d1e95",
                "sha256:24fd645a5e5d224aa6e39d93e4a722fafa9160154f296fd5ef9580191c755053",
                "sha256:36e36b6868e4440760d4b9b44587ea1dc1f06532858d10abba98e851e154ca70",
                "sha256:3d734559db35aa3697dadcea492a423118c5c55d176da2f3be9c98d4803fc2a7",
                "sha256:416a2070acf3a2b5d586f9a6507bb97e33574df5bd7508ea970bbf4fc563fa52",
                "sha256:4a22dc3f5221a644dfe4a63bf990052cc674ef12a157b1056969079985c92816",
                "sha256:4d8d3e5aa6087490912c14a3c10fbdd380b40b421c13920ff468163bc50e016f",
                "sha256:4f41fd159fba1245e1958a99d349df49c616b133636e0cf668f169bce2aeac2d",
                "sha256:561ef098c50f91fbac2cc9305b68c915e9eb915a74d9038ecf8af274d748f76f",
                "sha256:56994e14b386b5c0a9b875a76d22d707b315fa037affc7819cda08b6d0489756",
                "sha256:73a1f2a529604c50c262179fcca59c87a05ff4614fe8a15c186934d84d09d9a5",
                "sha256:7da99445fd890206bfcc7419f79871ba8e73d9d9e6b82fe09980bc5bb4efc35f",
                "sha256:99d59e0bcadac4aa3280616591fb7bcd560e2218f5e31d5223a2e12a1425d495",
                "sha256:a4cc09489843c70b22e8373ca3dfa52b3fab778b57cf81462f1203b0852e95e3",
                "sha256:a61dc29cfca9831a03442a21d4b5fd77e3067beca4b5f81f1a89a04a71cf93fa",
                "sha256:b1853df739b32fa913cc59ad9137caa9cc3d97ff871e2bbd89c2a2a1d4a69451",
                "sha256:b1f44c335532c0581b77491b7715a871d0dd72e97487ac0f57337ccf3ab3469b",
                "sha256:b261e0cb0d6faa8fd6863af26d30351fd2ffdb15b82e51e81e96b9e9e2e7ba16",
                "sha256:c857ae5dba375ea26a6228f98c195fec0898a0fd91bcf0e8a0cae6d9faf3eca7",
                "sha256:cf5bb4a7d53a71bb6a0144d31df784a973b36d8687d615ef6a7e9b1809917a9b",
                "sha256:db9814ff0457b46f2e1d494c1efa4111ca089e08c8b983635ebffb9c1573361f",
                "sha256:df04f4bad8a359daa2ff74f8108ea051670cafbca533bb2636c58b16e962989e",
                "sha256:ecf81720934a0e18526177e645cbd6a8a21bb0ddc887ff9738de07a1df5c6b61",
                "sha256:edfa6fba9157e0e3be0f40168eb142511012683ac3dc82420bee4a3f3981b30e"
            ],
            "index": "pypi",
            "version": "==1.15.4"
        },
        "opencv-contrib-python": {
            "hashes": [
                "sha256:0cd90d93904890f3ef03e5685c310f566e96e13de0dbc262f99692fc66cdf5a3",
                "sha256:0d743314495f19def98cf86110b54712a67350330e8394e63736b4c282388d7d",
                "sha256:150ee231316eeda3ca159db92b5e1acd9a3e8626daf5015b71e79048e354c3bc",
                "sha256:1706d00c079c5d843d57c002e7c3d9740b7917a7bff663e4fb445314fce2e3ad",
                "sha256:2d7a6fd2f47d596a12c2f96db441c8f7754d8c0295fa5ee4cfe6304c61199aab",
                "sha256:2f3c77787a222184bc96e68afbd53d3df1ccee24a74be9ad7d885470e492e130",
                "sha256:3703a47499b0a012fe42ea10fb4a0364fc2731db1c04603e90e7e06c40484aac",
                "sha256:3f3d2fac3a38e3c8599acb16b684ca077e10c71add3eec00fd5a7e5bd845d69f",
                "sha256:405f1ba6620d9e9f9ccb1520b21ad3a2cf1909ad94e7d96cac087b37c2be2f6f",
                "sha256:5dc6ca7dd29f1bc6d0aef1ae21f1b69ef3fcb2672cdbc48e3224f95af5f06f9e",
                "sha256:6b5df3167785ef7361119b778152fc1e6dec20da523b0625500579f91331f8b0",
                "sha256:7539b40fe944396c9e049004614f425b82a03ed40b11d925313340f0e8508842",
                "sha256:790b057ff546a6d83a5c1b50c5e927a423571511e37247acf9961647be10c666",
                "sha256:8a0e338d74d3a17e9cfc9aace1e4bb7e8c485a4ab9ea5f2a697237e03c011961",
                "sha256:8f443de54d9da75633f5c7d27e443ada177f26e40c586f15032762cb5d71795e",
                "sha256:8f6bafdd7985648b71604109d3c86fa6362b3ec7a9bf41d72244946f0ce21875",
                "sha256:955f100725e2c1cf55bfbf9fe65ee16406faf72cd6f71e973dfae9fd9761ab97",
                "sha256:95ea10cf234907688543eeac97553a7ce4c3f08e23b6bcd85707dfb92b4a56f3",
                "sha256:b427efc71ff1e858d327323ee1ec3e3f6dd459337ef12d7e9aa3c4164c452ece",
                "sha256:c73131c0b685991513d0ba0e5e9cdab0702c5ab358e261641637c60c55c5d409",
                "sha256:c964db2173e6e9eb5d9d6655a4ba19780a1a98d6d7325b2480c8c4d6d371058f",
                "sha256:ceb413fb4d95a01f803fc590203b0e4811014823f1dfe32a5b0235b61c2a3d24",
                "sha256:dd1244d58fee4bbd83f0dde782d675223bb4ebb07a830ad65d5fe53882ec2a55",
                "sha256:de8b28ea97e560c9f1c925bd2b9b1521c5b69e732fe7a4705ac2117c56e5bbda",
                "sha256:e375eed31b2051aa4aa3310c515206a593a58776263efbe569562715c505aa06",
                "sha256:e5a22a529b216862e5394cb0314df012cbb54cc47a51095165e54d2eee074096",
                "sha256:ec8a5ccf180ea0411280f6815f22075d81f95ec829679f07330678466f314506"
            ],
            "index": "pypi",
            "version": "==3.4.5.20"
        },
        "pandas": {
            "hashes": [
                "sha256:11975fad9edbdb55f1a560d96f91830e83e29bed6ad5ebf506abda09818eaf60",
                "sha256:12e13d127ca1b585dd6f6840d3fe3fa6e46c36a6afe2dbc5cb0b57032c902e31",
                "sha256:1c87fcb201e1e06f66e23a61a5fea9eeebfe7204a66d99df24600e3f05168051",
                "sha256:242e9900de758e137304ad4b5663c2eff0d798c2c3b891250bd0bd97144579da",
                "sha256:26c903d0ae1542890cb9abadb4adcb18f356b14c2df46e4ff657ae640e3ac9e7",
                "sha256:2e1e88f9d3e5f107b65b59cd29f141995597b035d17cc5537e58142038942e1a",
                "sha256:31b7a48b344c14691a8e92765d4023f88902ba3e96e2e4d0364d3453cdfd50db",
                "sha256:4fd07a932b4352f8a8973761ab4e84f965bf81cc750fb38e04f01088ab901cb8",
                "sha256:5b24ca47acf69222e82530e89111dd9d14f9b970ab2cd3a1c2c78f0c4fbba4f4",
                "sha256:647b3b916cc8f6aeba240c8171be3ab799c3c1b2ea179a3be0bd2712c4237553",
                "sha256:66b060946046ca27c0e03e9bec9bba3e0b918bafff84c425ca2cc2e157ce121e",
                "sha256:6efa9fa6e1434141df8872d0fa4226fc301b17aacf37429193f9d70b426ea28f",
                "sha256:be4715c9d8367e51dbe6bc6d05e205b1ae234f0dc5465931014aa1c4af44c1ba",
                "sha256:bea90da782d8e945fccfc958585210d23de374fa9294a9481ed2abcef637ebfc",
                "sha256:d318d77ab96f66a59e792a481e2701fba879e1a453aefeebdb17444fe204d1ed",
                "sha256:d785fc08d6f4207437e900ffead930a61e634c5e4f980ba6d3dc03c9581748c7",
                "sha256:de9559287c4fe8da56e8c3878d2374abc19d1ba2b807bfa7553e912a8e5ba87c",
                "sha256:f4f98b190bb918ac0bc0e3dd2ab74ff3573da9f43106f6dba6385406912ec00f",
                "sha256:f71f1a7e2d03758f6e957896ed696254e2bc83110ddbc6942018f1a232dd9dad",
                "sha256:fb944c8f0b0ab5c1f7846c686bc4cdf8cde7224655c12edcd59d5212cd57bec0"
            ],
            "index": "pypi",
            "version": "==0.23.4"
        },
        "parso": {
            "hashes": [
                "sha256:63854233e1fadb5da97f2744b6b24346d2750b85965e7e399bec1620232797dc",
                "sha256:666b0ee4a7a1220f65d367617f2cd3ffddff3e205f3f16a0284df30e774c2a9c"
            ],
            "version": "==0.5.1"
        },
        "pexpect": {
            "hashes": [
                "sha256:2094eefdfcf37a1fdbfb9aa090862c1a4878e5c7e0e7e7088bdb511c558e5cd1",
                "sha256:9e2c1fd0e6ee3a49b28f95d4b33bc389c89b20af6a1255906e90ff1262ce62eb"
            ],
            "markers": "sys_platform != 'win32'",
            "version": "==4.7.0"
        },
        "pickleshare": {
            "hashes": [
                "sha256:87683d47965c1da65cdacaf31c8441d12b8044cdec9aca500cd78fc2c683afca",
                "sha256:9649af414d74d4df115d5d718f82acb59c9d418196b7b4290ed47a12ce62df56"
            ],
            "version": "==0.7.5"
        },
        "pillow": {
            "hashes": [
                "sha256:00fdeb23820f30e43bba78eb9abb00b7a937a655de7760b2e09101d63708b64e",
                "sha256:01f948e8220c85eae1aa1a7f8edddcec193918f933fb07aaebe0bfbbcffefbf1",
                "sha256:08abf39948d4b5017a137be58f1a52b7101700431f0777bec3d897c3949f74e6",
                "sha256:099a61618b145ecb50c6f279666bbc398e189b8bc97544ae32b8fcb49ad6b830",
                "sha256:2c1c61546e73de62747e65807d2cc4980c395d4c5600ecb1f47a650c6fa78c79",
                "sha256:2ed9c4f694861642401f27dc3cb99772be67cd190e84845c749dae0a06c3bfae",
                "sha256:338581b30b908e111be578f0297255f6b57a51358cd16fa0e6f664c9a1f88bff",
                "sha256:38c7d48a21cd06fdeee93987147b9b1c55b73b4cfcbf83240568bfbd5adee447",
                "sha256:43fd026f613c8e48a25eba1a92f4d2ad7f3903c95d8c33a11611a7717d2ab654",
                "sha256:4548236844327a718ce3bb182ab32a16fa2050c61e334e959f554cac052fb0df",
                "sha256:5090857876c58885cfa388dc649e5db30aae98a068c26f3fd0ac9d7d9a4d9572",
                "sha256:5bbba34f97a26a93f5e8dec469ca4ddd712451418add43da946dbaed7f7a98d2",
                "sha256:65a28969a025a0eb4594637b6103201dc4ed2a9508bdab56ac33e43e3081c404",
                "sha256:892bb52b70bd5ea9dbbc3ac44f38e84f5a04e9d8b1bff48159d96cb795b81159",
                "sha256:8a9becd5cbd5062f973bcd2e7bc79483af310222de112b6541f8af1f93a3cc42",
                "sha256:972a7aaeb7c4a2795b52eef52ee991ef040b31009f36deca6207a986607b55f3",
                "sha256:97b119c436bfa96a92ac2ca525f7025836d4d4e64b1c9f9eff8dbaf3ff1d86f3",
                "sha256:9ba37698e242223f8053cc158f130aee046a96feacbeab65893dbe94f5530118",
                "sha256:b1b0e1f626a0f079c0d3696db70132fb1f29aa87c66aecb6501a9b8be64ce9f7",
                "sha256:c14c1224fd1a5be2733530d648a316974dbbb3c946913562c6005a76f21ca042",
                "sha256:c79a8546c48ae6465189e54e3245a97ddf21161e33ff7eaa42787353417bb2b6",
                "sha256:ceb76935ac4ebdf6d7bc845482a4450b284c6ccfb281e34da51d510658ab34d8",
                "sha256:e22bffaad04b4d16e1c091baed7f2733fc1ebb91e0c602abf1b6834d17158b1f",
                "sha256:ec883b8e44d877bda6f94a36313a1c6063f8b1997aa091628ae2f34c7f97c8d5",
                "sha256:f1baa54d50ec031d1a9beb89974108f8f2c0706f49798f4777df879df0e1adb6",
                "sha256:f53a5385932cda1e2c862d89460992911a89768c65d176ff8c50cddca4d29bed"
            ],
            "index": "pypi",
            "version": "==6.2.0"
        },
        "prompt-toolkit": {
            "hashes": [
                "sha256:46642344ce457641f28fc9d1c9ca939b63dadf8df128b86f1b9860e59c73a5e4",
                "sha256:e7f8af9e3d70f514373bf41aa51bc33af12a6db3f71461ea47fea985defb2c31",
                "sha256:f15af68f66e664eaa559d4ac8a928111eebd5feda0c11738b5998045224829db"
            ],
            "version": "==2.0.10"
        },
        "ptyprocess": {
            "hashes": [
                "sha256:923f299cc5ad920c68f2bc0bc98b75b9f838b93b599941a6b63ddbc2476394c0",
                "sha256:d7cc528d76e76342423ca640335bd3633420dc1366f258cb31d05e865ef5ca1f"
            ],
            "version": "==0.6.0"
        },
        "pygments": {
            "hashes": [
                "sha256:71e430bc85c88a430f000ac1d9b331d2407f681d6f6aec95e8bcfbc3df5b0127",
                "sha256:881c4c157e45f30af185c1ffe8d549d48ac9127433f2c380c24b84572ad66297"
            ],
            "version": "==2.4.2"
        },
        "pyparsing": {
            "hashes": [
                "sha256:6f98a7b9397e206d78cc01df10131398f1c8b8510a2f4d97d9abd82e1aacdd80",
                "sha256:d9338df12903bbf5d65a0e4e87c2161968b10d2e489652bb47001d82a9b028b4"
            ],
            "version": "==2.4.2"
        },
        "python-dateutil": {
            "hashes": [
                "sha256:7e6584c74aeed623791615e26efd690f29817a27c73085b78e4bad02493df2fb",
                "sha256:c89805f6f4d64db21ed966fda138f8a5ed7a4fdbc1a8ee329ce1b74e3c74da9e"
            ],
            "version": "==2.8.0"
        },
        "pytz": {
            "hashes": [
                "sha256:1c557d7d0e871de1f5ccd5833f60fb2550652da6be2693c1e02300743d21500d",
                "sha256:b02c06db6cf09c12dd25137e563b31700d3b80fcc4ad23abb7a315f2789819be"
            ],
            "version": "==2019.3"
        },
        "pywavelets": {
            "hashes": [
                "sha256:076ca8907001fdfe4205484f719d12b4a0262dfe6652fa1cfc3c5c362d14dc84",
                "sha256:18a51b3f9416a2ae6e9a35c4af32cf520dd7895f2b69714f4aa2f4342fca47f9",
                "sha256:1a64b40f6acb4ffbaccce0545d7fc641744f95351f62e4c6aaa40549326008c9",
                "sha256:35959c041ec014648575085a97b498eafbbaa824f86f6e4a59bfdef8a3fe6308",
                "sha256:55e39ec848ceec13c9fa1598253ae9dd5c31d09dfd48059462860d2b908fb224",
                "sha256:6162dc0ae04669ea04b4b51420777b9ea2d30b0a9d02901b2a3b4d61d159c2e9",
                "sha256:68b5c33741d26c827074b3d8f0251de1c3019bb9567b8d303eb093c822ce28f1",
                "sha256:720dbcdd3d91c6dfead79c80bf8b00a1d8aa4e5d551dc528c6d5151e4efc3403",
                "sha256:7947e51ca05489b85928af52a34fe67022ab5b81d4ae32a4109a99e883a0635e",
                "sha256:79f5b54f9dc353e5ee47f0c3f02bebd2c899d49780633aa771fed43fa20b3149",
                "sha256:80b924edbc012ded8aa8b91cb2fd6207fb1a9a3a377beb4049b8a07445cec6f0",
                "sha256:889d4c5c5205a9c90118c1980df526857929841df33e4cd1ff1eff77c6817a65",
                "sha256:935ff247b8b78bdf77647fee962b1cc208c51a7b229db30b9ba5f6da3e675178",
                "sha256:98b2669c5af842a70cfab33a7043fcb5e7535a690a00cd251b44c9be0be418e5",
                "sha256:9e2528823ccf5a0a1d23262dfefe5034dce89cd84e4e124dc553dfcdf63ebb92",
                "sha256:bc5e87b72371da87c9bebc68e54882aada9c3114e640de180f62d5da95749cd3",
                "sha256:be105382961745f88d8196bba5a69ee2c4455d87ad2a2e5d1eed6bd7fda4d3fd",
                "sha256:c06d2e340c7bf8b9ec71da2284beab8519a3908eab031f4ea126e8ccfc3fd567",
                "sha256:cfe79844526dd92e3ecc9490b5031fca5f8ab607e1e858feba232b1b788ff0ea",
                "sha256:d510aef84d9852653d079c84f2f81a82d5d09815e625f35c95714e7364570ad4",
                "sha256:e02a0558e0c2ac8b8bbe6a6ac18c136767ec56b96a321e0dfde2173adfa5a504"
            ],
            "version": "==1.1.1"
        },
        "scikit-image": {
            "hashes": [
                "sha256:29c6f82136bd9024b733052de1b61264a15b56d40f141753599a2bdcca865e7e",
                "sha256:2dea14579d3c35f4f7827a43dc945c38620cc3d162f4937035ed29367b151663",
                "sha256:3af0d129443e48c190be252072ee8aab56b77510d7c6c0098e285b8601bdfaf4",
                "sha256:476f8ad8aa39b959bc55767e11734675612b10d15aef8a8a4ff4513b01c21132",
                "sha256:4d94499d08ae8c1f54161d278a97c66a2cad6d2bece7ab8dc2cfc6ac84bf124b",
                "sha256:51c9d506d2667d830e64fc69d37161321c1a628e785836d0f3da0bfdc78c71cc",
                "sha256:585a082dba66b5f520549cf2957e53331b35071b7d7f31c7d589d12dd4381238",
                "sha256:613a48ae6aca31ba1844c6a1fc10d53ac699c552931a264e343b01e020e7c506",
                "sha256:651d04e00e34564943f868590bb9c3682d8f96b9c7dfc9c20ce96b3b8d149e51",
                "sha256:702b88e7d3cc9367bac7e38ef3f21aa1ca01c512a4b33bb0678c89457bec937b",
                "sha256:71122880441c4f611b760f3ab2887174b06f74deccbdf6eda1ee4c9cc7eca143",
                "sha256:7794b63d9e205a965a0978b9f9f96de04c6b75fb94a768abdec77f67d3eaa223",
                "sha256:77ac6718b0ce7b960cf0de0df2e2e5bbba624c25c2f0041c2dcb80bb3b8c482a",
                "sha256:7999a51fa4110b6381f10789c6c4ef3d545ee35a333ccae83e6b69c0b40a0800",
                "sha256:86a9b3b4f74f231e0a6bcfd3235dcf3f0118df25dac21201da5e064d681e2c50",
                "sha256:90eac802ea1cc330644cb8a9d973be586a67286c7db82803bbed3772ae74ef17",
                "sha256:9f847a7b8154876766751187a8fa84b382b079c5cd6408b031412a9bd3c1d79d",
                "sha256:abac80ffcecd32350d2c3455d7dbd0bf316021ea4fe49ec0a904de71beeda1b0",
                "sha256:af7051d8b517db3b2a4b997fb6d74c5a746a82bf60955ee9cf9973a77305464b",
                "sha256:be2de17fee71c1b690b3bdba2747396353e6cacd4ae771e36f61a7e9cb143bb0",
                "sha256:db73ca70a2ad5e0513eead02ce4eab0de595093c7240be00f1e95f1a6a78bc7f",
                "sha256:e166278716c188bf256cb8f8ae136dab54c1675b54f24c725fc665e8c59417fa",
                "sha256:f0f729ac91c63c8e5ad070c00b22c094af47345651428ab38fc3ffd2de0b325f",
                "sha256:f864c526f1ebc1e13725c41488dc766d1f427f6f3d8c838b9c1d5474b30c796b",
                "sha256:fdc663778a73587cb4b5fda4b9ceb22b4c47613d7164398f4da34b8030a1a73e",
                "sha256:ff34ea2642d65da0b7049739dff12d8dd5930a8e8d835bd9927d6e62a37b05ea"
            ],
            "index": "pypi",
            "version": "==0.14.1"
        },
        "scikit-learn": {
            "hashes": [
                "sha256:05d061606657af85365b5f71484e3362d924429edde17a90068960843ad597f5",
                "sha256:071317afbb5c67fa493635376ddd724b414290255cbf6947c1155846956e93f7",
                "sha256:0d03aaf19a25e59edac3099cda6879ba05129f0fa1e152e23b728ccd36104f57",
                "sha256:1665ea0d4b75ef24f5f2a9d1527b7296eeabcbe3a1329791c954541e2ebde5a2",
                "sha256:24eccb0ff31f84e88e00936c09197735ef1dcabd370aacb10e55dbc8ee464a78",
                "sha256:27b48cabacce677a205e6bcda1f32bdc968fbf40cd2aa0a4f52852f6997fce51",
                "sha256:2c51826b9daa87d7d356bebd39f8665f7c32e90e3b21cbe853d6c7f0d6b0d23b",
                "sha256:3116299d392bd1d054655fa2a740e7854de87f1d573fa85503e64494e52ac795",
                "sha256:3771861abe1fd1b2bbeaec7ba8cfca58fdedd75d790f099960e5332af9d1ff7a",
                "sha256:473ba7d9a5eaec47909ee83d74b4a3be47a44505c5189d2cab67c0418cd030f1",
                "sha256:621e2c91f9afde06e9295d128cb15cb6fc77dc00719393e9ec9d47119895b0d4",
                "sha256:645865462c383e5faad473b93145a8aee97d839c9ad1fd7a17ae54ec8256d42b",
                "sha256:80e2276d4869d302e84b7c03b5bac4a67f6cd331162e62ae775a3e5855441a60",
                "sha256:84d2cfe0dee3c22b26364266d69850e0eb406d99714045929875032f91d3c918",
                "sha256:87ea9ace7fe811638dfc39b850b60887509b8bfc93c4006d5552fa066d04ddc7",
                "sha256:a4d1e535c75881f668010e6e53dfeb89dd50db85b05c5c45af1991c8b832d757",
                "sha256:a4f14c4327d2e44567bfb3a0bee8c55470f820bc9a67af3faf200abd8ed79bf2",
                "sha256:a7b3c24e193e8c6eaeac075b5d0bb0a7fea478aa2e4b991f6a7b030fc4fd410d",
                "sha256:ab2919aca84f1ac6ef60a482148eec0944364ab1832e63f28679b16f9ef279c8",
                "sha256:b0f79d5ff74f3c68a4198ad5b4dfa891326b5ce272dd064d11d572b25aae5b43",
                "sha256:bc5bc7c7ee2572a1edcb51698a6caf11fae554194aaab9a38105d9ec419f29e6",
                "sha256:bc5c750d548795def79576533f8f0f065915f17f48d6e443afce2a111f713747",
                "sha256:c68969c30b3b2c1fe07c1376110928eade61da4fc29c24c9f1a89435a7d08abe",
                "sha256:d3b4f791d2645fe936579d61f1ff9b5dcf0c8f50db7f0245ca8f16407d7a5a46",
                "sha256:dac0cd9fdd8ac6dd6108a10558e2e0ca1b411b8ea0a3165641f9ab0b4322df4e",
                "sha256:eb7ddbdf33eb822fdc916819b0ab7009d954eb43c3a78e7dd2ec5455e074922a",
                "sha256:ed537844348402ed53420187b3a6948c576986d0b2811a987a49613b6a26f29e",
                "sha256:fcca54733e692fe03b8584f7d4b9344f4b6e3a74f5b326c6e5f5e9d2504bdce7"
            ],
            "index": "pypi",
            "version": "==0.20.2"
        },
        "scipy": {
            "hashes": [
                "sha256:02cb79ea38114dc480e9b08d6b87095728e8fb39b9a49b449ee443d678001611",
                "sha256:03c827cdbc584e935264040b958e5fa0570a16095bee23a013482ba3f0e963a2",
                "sha256:04f2b23258139c109d0524f111597dd095a505d9cb2c71e381d688d653877fa3",
                "sha256:3132a9fab3f3545c8b0ba15688d11857efdd4a58d388d3785dc474f56fea7138",
                "sha256:4b1f0883cb9d8ee963cf0a31c87341e9e758abb2cf1e5bcc0d7b066ef6b17573",
                "sha256:4cce25c6e7ff7399c67dfe1b5423c36c391cf9b4b2be390c1675ab410f1ef503",
                "sha256:51a2424c8ed80e60bdb9a896806e7adaf24a58253b326fbad10f80a6d06f2214",
                "sha256:5706b785ca289fdfd91aa05066619e51d140613b613e35932601f2315f5d8470",
                "sha256:58f0435f052cb60f1472c77f52a8f6642f8877b70559e5e0b9a1744f33f5cbe5",
                "sha256:63e1d5ca9e5e1984f1a275276991b036e25d39d37dd7edbb3f4f6165c2da7dbb",
                "sha256:64b2c35824da3ef6bb1e722216e4ef28802af6413c7586136500e343d34ba179",
                "sha256:6f791987899532305126309578727c0197bddbafab9596bafe3e7bfab6e1ce13",
                "sha256:72bd766f753fd32f072d30d7bc2ad492d56dbcbf3e13764e27635d5c41079339",
                "sha256:7413080b381766a22d52814edb65631f0e323a7cea945c70021a672f38acc73f",
                "sha256:78a67ee4845440e81cfbfabde20537ca12051d0eeac951fe4c6d8751feac3103",
                "sha256:7994c044bf659b0a24ad7673ec7db85c2fadb87e4980a379a9fd5b086fe3649a",
                "sha256:7dc4002f0a0a688774ef04878afe769ecd1ac21fe9b4b1d7125e2cf16170afd3",
                "sha256:854bd87cc23824d5db4983956bc30f3790e1c7448f1a9e6a8fb7bff7601aef87",
                "sha256:8608316d0cc01f8b25111c8adfe6efbc959cbba037a62c784551568d7ffbf280",
                "sha256:8f5fcc87b48fc3dd6d901669c89af4feeb856dffb6f671539a238b7e8af1799c",
                "sha256:937147086e8b4338bf139ca8fa98da650e3a46bf2ca617f8e9dd68c3971ec420",
                "sha256:bc294841f6c822714af362095b181a853f47ed5ce757354bd2e4776d579ff3a4",
                "sha256:bc6a88b0009a1b60eab5c22ac3a006f6968d6328de10c6a64ebb0d64a05548d3",
                "sha256:c5eae911cf26b3c7eda889ec98d3c226f312c587acfaaf02602473f98b4c16d6",
                "sha256:cca33a01a5987c650b87a1a910aa311ffa44e67cca1ff502ef9efdae5d9a8624",
                "sha256:d1ae77b79fd5e27a10ba7c4e7c3a62927b9d29a4dccf28f6905c25d983aaf183",
                "sha256:fb36064047e6bf87b6320a9b6eb7f525ef6863c7a4aef1a84a4bbfb043612617",
                "sha256:fc1a19d95649439dbd50baca676bceb29bbfcd600aed2c5bd71d9bad82a87cfe"
            ],
            "index": "pypi",
            "version": "==1.2.0"
        },
        "six": {
            "hashes": [
                "sha256:3350809f0555b11f552448330d0b52d5f24c91a322ea4a15ef22629740f3761c",
                "sha256:d16a0141ec1a18405cd4ce8b4613101da75da0e9a7aec5bdd4fa804d0e0eba73"
            ],
            "version": "==1.12.0"
        },
        "toolz": {
            "hashes": [
                "sha256:08fdd5ef7c96480ad11c12d472de21acd32359996f69a5259299b540feba4560"
            ],
            "version": "==0.10.0"
        },
        "traitlets": {
            "hashes": [
                "sha256:70b4c6a1d9019d7b4f6846832288f86998aa3b9207c6821f3578a6a6a467fe44",
                "sha256:d023ee369ddd2763310e4c3eae1ff649689440d4ae59d7485eb4cfbbe3e359f7"
            ],
            "version": "==4.3.3"
        },
        "wcwidth": {
            "hashes": [
                "sha256:3df37372226d6e63e1b1e1eda15c594bca98a22d33a23832a90998faa96bc65e",
                "sha256:f4ebe71925af7b40a864553f761ed559b43544f8f71746c2d756c7fe788ade7c"
            ],
            "version": "==0.1.7"
        }
    },
    "develop": {}
}
